
Microsoft Visual Studio Solution File, Format Version 12.00
# Visual Studio 2012
Project("{FAE04EC0-301F-11D3-BF4B-00C04F79EFBC}") = "Mapler Client", "TestOmgeving\Mapler Client.csproj", "{24286340-2ED5-4259-BF87-4668196CAE40}"
EndProject
Project("{FAE04EC0-301F-11D3-BF4B-00C04F79EFBC}") = "AHA", "SomeFunnyDLL\AHA.csproj", "{381F198D-832F-4D40-A9C4-09C59A4CFBA9}"
EndProject
Project("{FAE04EC0-301F-11D3-BF4B-00C04F79EFBC}") = "MPLRServer", "MPLRServer\MPLRServer.csproj", "{70DDB5C0-0D87-4E53-BBA1-F7A8BD9F3AD1}"
EndProject
Global
	GlobalSection(SolutionConfigurationPlatforms) = preSolution
		Debug|x86 = Debug|x86
		Release|x86 = Release|x86
	EndGlobalSection
	GlobalSection(ProjectConfigurationPlatforms) = postSolution
		{24286340-2ED5-4259-BF87-4668196CAE40}.Debug|x86.ActiveCfg = Debug|x86
		{24286340-2ED5-4259-BF87-4668196CAE40}.Debug|x86.Build.0 = Debug|x86
		{24286340-2ED5-4259-BF87-4668196CAE40}.Release|x86.ActiveCfg = Release|x86
		{24286340-2ED5-4259-BF87-4668196CAE40}.Release|x86.Build.0 = Release|x86
		{381F198D-832F-4D40-A9C4-09C59A4CFBA9}.Debug|x86.ActiveCfg = Debug|x86
		{381F198D-832F-4D40-A9C4-09C59A4CFBA9}.Debug|x86.Build.0 = Debug|x86
		{381F198D-832F-4D40-A9C4-09C59A4CFBA9}.Release|x86.ActiveCfg = Release|x86
		{381F198D-832F-4D40-A9C4-09C59A4CFBA9}.Release|x86.Build.0 = Release|x86
		{70DDB5C0-0D87-4E53-BBA1-F7A8BD9F3AD1}.Debug|x86.ActiveCfg = Debug|x86
		{70DDB5C0-0D87-4E53-BBA1-F7A8BD9F3AD1}.Debug|x86.Build.0 = Debug|x86
		{70DDB5C0-0D87-4E53-BBA1-F7A8BD9F3AD1}.Release|x86.ActiveCfg = Release|x86
		{70DDB5C0-0D87-4E53-BBA1-F7A8BD9F3AD1}.Release|x86.Build.0 = Release|x86
	EndGlobalSection
	GlobalSection(SolutionProperties) = preSolution
		HideSolutionNode = FALSE
	EndGlobalSection
EndGlobal
