
Microsoft Visual Studio Solution File, Format Version 12.00
# Visual Studio 2012
Project("{FAE04EC0-301F-11D3-BF4B-00C04F79EFBC}") = "TestOmgeving", "TestOmgeving\TestOmgeving.csproj", "{24286340-2ED5-4259-BF87-4668196CAE40}"
EndProject
Project("{FAE04EC0-301F-11D3-BF4B-00C04F79EFBC}") = "SomeFunnyDLL", "SomeFunnyDLL\SomeFunnyDLL.csproj", "{381F198D-832F-4D40-A9C4-09C59A4CFBA9}"
EndProject
Project("{FAE04EC0-301F-11D3-BF4B-00C04F79EFBC}") = "MPLRServer", "MPLRServer\MPLRServer.csproj", "{70DDB5C0-0D87-4E53-BBA1-F7A8BD9F3AD1}"
EndProject
Global
	GlobalSection(SolutionConfigurationPlatforms) = preSolution
		Debug|Any CPU = Debug|Any CPU
		Release|Any CPU = Release|Any CPU
	EndGlobalSection
	GlobalSection(ProjectConfigurationPlatforms) = postSolution
		{24286340-2ED5-4259-BF87-4668196CAE40}.Debug|Any CPU.ActiveCfg = Debug|Any CPU
		{24286340-2ED5-4259-BF87-4668196CAE40}.Debug|Any CPU.Build.0 = Debug|Any CPU
		{24286340-2ED5-4259-BF87-4668196CAE40}.Release|Any CPU.ActiveCfg = Release|Any CPU
		{24286340-2ED5-4259-BF87-4668196CAE40}.Release|Any CPU.Build.0 = Release|Any CPU
		{381F198D-832F-4D40-A9C4-09C59A4CFBA9}.Debug|Any CPU.ActiveCfg = Debug|Any CPU
		{381F198D-832F-4D40-A9C4-09C59A4CFBA9}.Debug|Any CPU.Build.0 = Debug|Any CPU
		{381F198D-832F-4D40-A9C4-09C59A4CFBA9}.Release|Any CPU.ActiveCfg = Release|Any CPU
		{381F198D-832F-4D40-A9C4-09C59A4CFBA9}.Release|Any CPU.Build.0 = Release|Any CPU
		{70DDB5C0-0D87-4E53-BBA1-F7A8BD9F3AD1}.Debug|Any CPU.ActiveCfg = Debug|Any CPU
		{70DDB5C0-0D87-4E53-BBA1-F7A8BD9F3AD1}.Debug|Any CPU.Build.0 = Debug|Any CPU
		{70DDB5C0-0D87-4E53-BBA1-F7A8BD9F3AD1}.Release|Any CPU.ActiveCfg = Release|Any CPU
		{70DDB5C0-0D87-4E53-BBA1-F7A8BD9F3AD1}.Release|Any CPU.Build.0 = Release|Any CPU
	EndGlobalSection
	GlobalSection(SolutionProperties) = preSolution
		HideSolutionNode = FALSE
	EndGlobalSection
EndGlobal
